
Microsoft Visual Studio Solution File, Format Version 12.00
# Visual Studio Version 17
VisualStudioVersion = 17.9.34622.214
MinimumVisualStudioVersion = 10.0.40219.1
Project("{FAE04EC0-301F-11D3-BF4B-00C04F79EFBC}") = "Veri_Tabanli_Parti_Secim_Grafik_Istatistik", "Veri_Tabanli_Parti_Secim_Grafik_Istatistik\Veri_Tabanli_Parti_Secim_Grafik_Istatistik.csproj", "{1DBA2D4C-ED81-4D3E-97EC-01B602D228BF}"
EndProject
Global
	GlobalSection(SolutionConfigurationPlatforms) = preSolution
		Debug|Any CPU = Debug|Any CPU
		Release|Any CPU = Release|Any CPU
	EndGlobalSection
	GlobalSection(ProjectConfigurationPlatforms) = postSolution
		{1DBA2D4C-ED81-4D3E-97EC-01B602D228BF}.Debug|Any CPU.ActiveCfg = Debug|Any CPU
		{1DBA2D4C-ED81-4D3E-97EC-01B602D228BF}.Debug|Any CPU.Build.0 = Debug|Any CPU
		{1DBA2D4C-ED81-4D3E-97EC-01B602D228BF}.Release|Any CPU.ActiveCfg = Release|Any CPU
		{1DBA2D4C-ED81-4D3E-97EC-01B602D228BF}.Release|Any CPU.Build.0 = Release|Any CPU
	EndGlobalSection
	GlobalSection(SolutionProperties) = preSolution
		HideSolutionNode = FALSE
	EndGlobalSection
	GlobalSection(ExtensibilityGlobals) = postSolution
		SolutionGuid = {7B7997AA-E081-460C-8DA4-C281CF16F6FB}
	EndGlobalSection
EndGlobal
